
Microsoft Visual Studio Solution File, Format Version 12.00
# Visual Studio Version 17
VisualStudioVersion = 17.5.002.0
MinimumVisualStudioVersion = 10.0.40219.1
Project("{2150E333-8FDC-42A3-9474-1A3956D46DE8}") = "src", "src", "{749E5890-667A-45B1-9A06-2E9659A03B62}"
EndProject
Project("{9A19103F-16F7-4668-BE54-9A1E7A4F7556}") = "backend", "src\backend\backend.csproj", "{B579B7A0-A4B8-4255-A998-73D6E7679D00}"
EndProject
Global
	GlobalSection(SolutionConfigurationPlatforms) = preSolution
		Debug|Any CPU = Debug|Any CPU
		Release|Any CPU = Release|Any CPU
	EndGlobalSection
	GlobalSection(ProjectConfigurationPlatforms) = postSolution
		{B579B7A0-A4B8-4255-A998-73D6E7679D00}.Debug|Any CPU.ActiveCfg = Debug|Any CPU
		{B579B7A0-A4B8-4255-A998-73D6E7679D00}.Debug|Any CPU.Build.0 = Debug|Any CPU
		{B579B7A0-A4B8-4255-A998-73D6E7679D00}.Release|Any CPU.ActiveCfg = Release|Any CPU
		{B579B7A0-A4B8-4255-A998-73D6E7679D00}.Release|Any CPU.Build.0 = Release|Any CPU
	EndGlobalSection
	GlobalSection(SolutionProperties) = preSolution
		HideSolutionNode = FALSE
	EndGlobalSection
	GlobalSection(NestedProjects) = preSolution
		{B579B7A0-A4B8-4255-A998-73D6E7679D00} = {749E5890-667A-45B1-9A06-2E9659A03B62}
	EndGlobalSection
	GlobalSection(ExtensibilityGlobals) = postSolution
		SolutionGuid = {47BBAF68-3452-4946-9C27-DBFAA0ED7F02}
	EndGlobalSection
EndGlobal
